
Microsoft Visual Studio Solution File, Format Version 12.00
# Visual Studio 15
VisualStudioVersion = 15.0.28010.2046
MinimumVisualStudioVersion = 10.0.40219.1
Project("{FAE04EC0-301F-11D3-BF4B-00C04F79EFBC}") = "WeddingGuestsManager", "WeddingGuestsManager\WeddingGuestsManager.csproj", "{0809C12D-D827-4828-9A17-CCEE2BAABEE8}"
EndProject
Project("{FAE04EC0-301F-11D3-BF4B-00C04F79EFBC}") = "GuestsShared", "..\GuestsShared\GuestsShared.csproj", "{949FB39E-867B-473E-AF06-179EB9A223E7}"
EndProject
Project("{FAE04EC0-301F-11D3-BF4B-00C04F79EFBC}") = "GuestsManagerService", "GuestsManagerService\GuestsManagerService.csproj", "{7D53DF80-0846-4BC5-A9FE-FC85D8BBEAE1}"
EndProject
Global
	GlobalSection(SolutionConfigurationPlatforms) = preSolution
		Debug|Any CPU = Debug|Any CPU
		Release|Any CPU = Release|Any CPU
	EndGlobalSection
	GlobalSection(ProjectConfigurationPlatforms) = postSolution
		{0809C12D-D827-4828-9A17-CCEE2BAABEE8}.Debug|Any CPU.ActiveCfg = Debug|Any CPU
		{0809C12D-D827-4828-9A17-CCEE2BAABEE8}.Debug|Any CPU.Build.0 = Debug|Any CPU
		{0809C12D-D827-4828-9A17-CCEE2BAABEE8}.Release|Any CPU.ActiveCfg = Release|Any CPU
		{0809C12D-D827-4828-9A17-CCEE2BAABEE8}.Release|Any CPU.Build.0 = Release|Any CPU
		{949FB39E-867B-473E-AF06-179EB9A223E7}.Debug|Any CPU.ActiveCfg = Debug|Any CPU
		{949FB39E-867B-473E-AF06-179EB9A223E7}.Debug|Any CPU.Build.0 = Debug|Any CPU
		{949FB39E-867B-473E-AF06-179EB9A223E7}.Release|Any CPU.ActiveCfg = Release|Any CPU
		{949FB39E-867B-473E-AF06-179EB9A223E7}.Release|Any CPU.Build.0 = Release|Any CPU
		{7D53DF80-0846-4BC5-A9FE-FC85D8BBEAE1}.Debug|Any CPU.ActiveCfg = Debug|Any CPU
		{7D53DF80-0846-4BC5-A9FE-FC85D8BBEAE1}.Debug|Any CPU.Build.0 = Debug|Any CPU
		{7D53DF80-0846-4BC5-A9FE-FC85D8BBEAE1}.Release|Any CPU.ActiveCfg = Release|Any CPU
		{7D53DF80-0846-4BC5-A9FE-FC85D8BBEAE1}.Release|Any CPU.Build.0 = Release|Any CPU
	EndGlobalSection
	GlobalSection(SolutionProperties) = preSolution
		HideSolutionNode = FALSE
	EndGlobalSection
	GlobalSection(ExtensibilityGlobals) = postSolution
		SolutionGuid = {D12B1F42-95F4-4E14-8C70-967898568D9A}
	EndGlobalSection
EndGlobal
